
Microsoft Visual Studio Solution File, Format Version 12.00
# Visual Studio Version 17
VisualStudioVersion = 17.3.32819.101
MinimumVisualStudioVersion = 10.0.40219.1
Project("{FAE04EC0-301F-11D3-BF4B-00C04F79EFBC}") = "Double List CRUD", "Double List CRUD\Double List CRUD.csproj", "{68322C9A-B18B-41DA-B549-B03E49A059FD}"
EndProject
Global
	GlobalSection(SolutionConfigurationPlatforms) = preSolution
		Debug|Any CPU = Debug|Any CPU
		Release|Any CPU = Release|Any CPU
	EndGlobalSection
	GlobalSection(ProjectConfigurationPlatforms) = postSolution
		{68322C9A-B18B-41DA-B549-B03E49A059FD}.Debug|Any CPU.ActiveCfg = Debug|Any CPU
		{68322C9A-B18B-41DA-B549-B03E49A059FD}.Debug|Any CPU.Build.0 = Debug|Any CPU
		{68322C9A-B18B-41DA-B549-B03E49A059FD}.Release|Any CPU.ActiveCfg = Release|Any CPU
		{68322C9A-B18B-41DA-B549-B03E49A059FD}.Release|Any CPU.Build.0 = Release|Any CPU
	EndGlobalSection
	GlobalSection(SolutionProperties) = preSolution
		HideSolutionNode = FALSE
	EndGlobalSection
	GlobalSection(ExtensibilityGlobals) = postSolution
		SolutionGuid = {AEB4F24B-0073-4F04-909A-DE07D193F7B6}
	EndGlobalSection
EndGlobal
